// !$*UTF8*$!
{
	archiveVersion = 1;
	classes = {
	};
	objectVersion = 50;
	objects = {

/* Begin PBXBuildFile section */
		FD03C75E248B49E20037266D /* AppDelegate.m in Sources */ = {isa = PBXBuildFile; fileRef = FD03C75D248B49E20037266D /* AppDelegate.m */; };
		FD03C761248B49E20037266D /* SceneDelegate.m in Sources */ = {isa = PBXBuildFile; fileRef = FD03C760248B49E20037266D /* SceneDelegate.m */; };
		FD03C764248B49E20037266D /* MasterViewController.m in Sources */ = {isa = PBXBuildFile; fileRef = FD03C763248B49E20037266D /* MasterViewController.m */; };
		FD03C767248B49E20037266D /* DetailViewController.m in Sources */ = {isa = PBXBuildFile; fileRef = FD03C766248B49E20037266D /* DetailViewController.m */; };
		FD03C76A248B49E20037266D /* Main.storyboard in Resources */ = {isa = PBXBuildFile; fileRef = FD03C768248B49E20037266D /* Main.storyboard */; };
		FD03C76C248B49E50037266D /* Assets.xcassets in Resources */ = {isa = PBXBuildFile; fileRef = FD03C76B248B49E50037266D /* Assets.xcassets */; };
		FD03C76F248B49E50037266D /* LaunchScreen.storyboard in Resources */ = {isa = PBXBuildFile; fileRef = FD03C76D248B49E50037266D /* LaunchScreen.storyboard */; };
		FD03C772248B49E50037266D /* main.m in Sources */ = {isa = PBXBuildFile; fileRef = FD03C771248B49E50037266D /* main.m */; };
/* End PBXBuildFile section */

/* Begin PBXFileReference section */
		FD03C759248B49E20037266D /* LearnLaunchSpeed.app */ = {isa = PBXFileReference; explicitFileType = wrapper.application; includeInIndex = 0; path = LearnLaunchSpeed.app; sourceTree = BUILT_PRODUCTS_DIR; };
		FD03C75C248B49E20037266D /* AppDelegate.h */ = {isa = PBXFileReference; lastKnownFileType = sourcecode.c.h; path = AppDelegate.h; sourceTree = "<group>"; };
		FD03C75D248B49E20037266D /* AppDelegate.m */ = {isa = PBXFileReference; lastKnownFileType = sourcecode.c.objc; path = AppDelegate.m; sourceTree = "<group>"; };
		FD03C75F248B49E20037266D /* SceneDelegate.h */ = {isa = PBXFileReference; lastKnownFileType = sourcecode.c.h; path = SceneDelegate.h; sourceTree = "<group>"; };
		FD03C760248B49E20037266D /* SceneDelegate.m */ = {isa = PBXFileReference; lastKnownFileType = sourcecode.c.objc; path = SceneDelegate.m; sourceTree = "<group>"; };
		FD03C762248B49E20037266D /* MasterViewController.h */ = {isa = PBXFileReference; lastKnownFileType = sourcecode.c.h; path = MasterViewController.h; sourceTree = "<group>"; };
		FD03C763248B49E20037266D /* MasterViewController.m */ = {isa = PBXFileReference; lastKnownFileType = sourcecode.c.objc; path = MasterViewController.m; sourceTree = "<group>"; };
		FD03C765248B49E20037266D /* DetailViewController.h */ = {isa = PBXFileReference; lastKnownFileType = sourcecode.c.h; path = DetailViewController.h; sourceTree = "<group>"; };
		FD03C766248B49E20037266D /* DetailViewController.m */ = {isa = PBXFileReference; lastKnownFileType = sourcecode.c.objc; path = DetailViewController.m; sourceTree = "<group>"; };
		FD03C769248B49E20037266D /* Base */ = {isa = PBXFileReference; lastKnownFileType = file.storyboard; name = Base; path = Base.lproj/Main.storyboard; sourceTree = "<group>"; };
		FD03C76B248B49E50037266D /* Assets.xcassets */ = {isa = PBXFileReference; lastKnownFileType = folder.assetcatalog; path = Assets.xcassets; sourceTree = "<group>"; };
		FD03C76E248B49E50037266D /* Base */ = {isa = PBXFileReference; lastKnownFileType = file.storyboard; name = Base; path = Base.lproj/LaunchScreen.storyboard; sourceTree = "<group>"; };
		FD03C770248B49E50037266D /* Info.plist */ = {isa = PBXFileReference; lastKnownFileType = text.plist.xml; path = Info.plist; sourceTree = "<group>"; };
		FD03C771248B49E50037266D /* main.m */ = {isa = PBXFileReference; lastKnownFileType = sourcecode.c.objc; path = main.m; sourceTree = "<group>"; };
/* End PBXFileReference section */

/* Begin PBXFrameworksBuildPhase section */
		FD03C756248B49E20037266D /* Frameworks */ = {
			isa = PBXFrameworksBuildPhase;
			buildActionMask = 2147483647;
			files = (
			);
			runOnlyForDeploymentPostprocessing = 0;
		};
/* End PBXFrameworksBuildPhase section */

/* Begin PBXGroup section */
		FD03C750248B49E20037266D = {
			isa = PBXGroup;
			children = (
				FD03C75B248B49E20037266D /* LearnLaunchSpeed */,
				FD03C75A248B49E20037266D /* Products */,
			);
			sourceTree = "<group>";
		};
		FD03C75A248B49E20037266D /* Products */ = {
			isa = PBXGroup;
			children = (
				FD03C759248B49E20037266D /* LearnLaunchSpeed.app */,
			);
			name = Products;
			sourceTree = "<group>";
		};
		FD03C75B248B49E20037266D /* LearnLaunchSpeed */ = {
			isa = PBXGroup;
			children = (
				FD03C75C248B49E20037266D /* AppDelegate.h */,
				FD03C75D248B49E20037266D /* AppDelegate.m */,
				FD03C75F248B49E20037266D /* SceneDelegate.h */,
				FD03C760248B49E20037266D /* SceneDelegate.m */,
				FD03C762248B49E20037266D /* MasterViewController.h */,
				FD03C763248B49E20037266D /* MasterViewController.m */,
				FD03C765248B49E20037266D /* DetailViewController.h */,
				FD03C766248B49E20037266D /* DetailViewController.m */,
				FD03C768248B49E20037266D /* Main.storyboard */,
				FD03C76B248B49E50037266D /* Assets.xcassets */,
				FD03C76D248B49E50037266D /* LaunchScreen.storyboard */,
				FD03C770248B49E50037266D /* Info.plist */,
				FD03C771248B49E50037266D /* main.m */,
			);
			path = LearnLaunchSpeed;
			sourceTree = "<group>";
		};
/* End PBXGroup section */

/* Begin PBXNativeTarget section */
		FD03C758248B49E20037266D /* LearnLaunchSpeed */ = {
			isa = PBXNativeTarget;
			buildConfigurationList = FD03C775248B49E50037266D /* Build configuration list for PBXNativeTarget "LearnLaunchSpeed" */;
			buildPhases = (
				FD03C755248B49E20037266D /* Sources */,
				FD03C756248B49E20037266D /* Frameworks */,
				FD03C757248B49E20037266D /* Resources */,
			);
			buildRules = (
			);
			dependencies = (
			);
			name = LearnLaunchSpeed;
			productName = LearnLaunchSpeed;
			productReference = FD03C759248B49E20037266D /* LearnLaunchSpeed.app */;
			productType = "com.apple.product-type.application";
		};
/* End PBXNativeTarget section */

/* Begin PBXProject section */
		FD03C751248B49E20037266D /* Project object */ = {
			isa = PBXProject;
			attributes = {
				LastUpgradeCheck = 1140;
				ORGANIZATIONNAME = Loying;
				TargetAttributes = {
					FD03C758248B49E20037266D = {
						CreatedOnToolsVersion = 11.4.1;
					};
				};
			};
			buildConfigurationList = FD03C754248B49E20037266D /* Build configuration list for PBXProject "LearnLaunchSpeed" */;
			compatibilityVersion = "Xcode 9.3";
			developmentRegion = en;
			hasScannedForEncodings = 0;
			knownRegions = (
				en,
				Base,
			);
			mainGroup = FD03C750248B49E20037266D;
			productRefGroup = FD03C75A248B49E20037266D /* Products */;
			projectDirPath = "";
			projectRoot = "";
			targets = (
				FD03C758248B49E20037266D /* LearnLaunchSpeed */,
			);
		};
/* End PBXProject section */

/* Begin PBXResourcesBuildPhase section */
		FD03C757248B49E20037266D /* Resources */ = {
			isa = PBXResourcesBuildPhase;
			buildActionMask = 2147483647;
			files = (
				FD03C76F248B49E50037266D /* LaunchScreen.storyboard in Resources */,
				FD03C76C248B49E50037266D /* Assets.xcassets in Resources */,
				FD03C76A248B49E20037266D /* Main.storyboard in Resources */,
			);
			runOnlyForDeploymentPostprocessing = 0;
		};
/* End PBXResourcesBuildPhase section */

/* Begin PBXSourcesBuildPhase section */
		FD03C755248B49E20037266D /* Sources */ = {
			isa = PBXSourcesBuildPhase;
			buildActionMask = 2147483647;
			files = (
				FD03C772248B49E50037266D /* main.m in Sources */,
				FD03C75E248B49E20037266D /* AppDelegate.m in Sources */,
				FD03C764248B49E20037266D /* MasterViewController.m in Sources */,
				FD03C761248B49E20037266D /* SceneDelegate.m in Sources */,
				FD03C767248B49E20037266D /* DetailViewController.m in Sources */,
			);
			runOnlyForDeploymentPostprocessing = 0;
		};
/* End PBXSourcesBuildPhase section */

/* Begin PBXVariantGroup section */
		FD03C768248B49E20037266D /* Main.storyboard */ = {
			isa = PBXVariantGroup;
			children = (
				FD03C769248B49E20037266D /* Base */,
			);
			name = Main.storyboard;
			sourceTree = "<group>";
		};
		FD03C76D248B49E50037266D /* LaunchScreen.storyboard */ = {
			isa = PBXVariantGroup;
			children = (
				FD03C76E248B49E50037266D /* Base */,
			);
			name = LaunchScreen.storyboard;
			sourceTree = "<group>";
		};
/* End PBXVariantGroup section */

/* Begin XCBuildConfiguration section */
		FD03C773248B49E50037266D /* Debug */ = {
			isa = XCBuildConfiguration;
			buildSettings = {
				ALWAYS_SEARCH_USER_PATHS = NO;
				CLANG_ANALYZER_NONNULL = YES;
				CLANG_ANALYZER_NUMBER_OBJECT_CONVERSION = YES_AGGRESSIVE;
				CLANG_CXX_LANGUAGE_STANDARD = "gnu++14";
				CLANG_CXX_LIBRARY = "libc++";
				CLANG_ENABLE_MODULES = YES;
				CLANG_ENABLE_OBJC_ARC = YES;
				CLANG_ENABLE_OBJC_WEAK = YES;
				CLANG_WARN_BLOCK_CAPTURE_AUTORELEASING = YES;
				CLANG_WARN_BOOL_CONVERSION = YES;
				CLANG_WARN_COMMA = YES;
				CLANG_WARN_CONSTANT_CONVERSION = YES;
				CLANG_WARN_DEPRECATED_OBJC_IMPLEMENTATIONS = YES;
				CLANG_WARN_DIRECT_OBJC_ISA_USAGE = YES_ERROR;
				CLANG_WARN_DOCUMENTATION_COMMENTS = YES;
				CLANG_WARN_EMPTY_BODY = YES;
				CLANG_WARN_ENUM_CONVERSION = YES;
				CLANG_WARN_INFINITE_RECURSION = YES;
				CLANG_WARN_INT_CONVERSION = YES;
				CLANG_WARN_NON_LITERAL_NULL_CONVERSION = YES;
				CLANG_WARN_OBJC_IMPLICIT_RETAIN_SELF = YES;
				CLANG_WARN_OBJC_LITERAL_CONVERSION = YES;
				CLANG_WARN_OBJC_ROOT_CLASS = YES_ERROR;
				CLANG_WARN_RANGE_LOOP_ANALYSIS = YES;
				CLANG_WARN_STRICT_PROTOTYPES = YES;
				CLANG_WARN_SUSPICIOUS_MOVE = YES;
				CLANG_WARN_UNGUARDED_AVAILABILITY = YES_AGGRESSIVE;
				CLANG_WARN_UNREACHABLE_CODE = YES;
				CLANG_WARN__DUPLICATE_METHOD_MATCH = YES;
				COPY_PHASE_STRIP = NO;
				DEBUG_INFORMATION_FORMAT = dwarf;
				ENABLE_STRICT_OBJC_MSGSEND = YES;
				ENABLE_TESTABILITY = YES;
				GCC_C_LANGUAGE_STANDARD = gnu11;
				GCC_DYNAMIC_NO_PIC = NO;
				GCC_NO_COMMON_BLOCKS = YES;
				GCC_OPTIMIZATION_LEVEL = 0;
				GCC_PREPROCESSOR_DEFINITIONS = (
					"DEBUG=1",
					"$(inherited)",
				);
				GCC_WARN_64_TO_32_BIT_CONVERSION = YES;
				GCC_WARN_ABOUT_RETURN_TYPE = YES_ERROR;
				GCC_WARN_UNDECLARED_SELECTOR = YES;
				GCC_WARN_UNINITIALIZED_AUTOS = YES_AGGRESSIVE;
				GCC_WARN_UNUSED_FUNCTION = YES;
				GCC_WARN_UNUSED_VARIABLE = YES;
				IPHONEOS_DEPLOYMENT_TARGET = 13.4;
				MTL_ENABLE_DEBUG_INFO = INCLUDE_SOURCE;
				MTL_FAST_MATH = YES;
				ONLY_ACTIVE_ARCH = YES;
				SDKROOT = iphoneos;
			};
			name = Debug;
		};
		FD03C774248B49E50037266D /* Release */ = {
			isa = XCBuildConfiguration;
			buildSettings = {
				ALWAYS_SEARCH_USER_PATHS = NO;
				CLANG_ANALYZER_NONNULL = YES;
				CLANG_ANALYZER_NUMBER_OBJECT_CONVERSION = YES_AGGRESSIVE;
				CLANG_CXX_LANGUAGE_STANDARD = "gnu++14";
				CLANG_CXX_LIBRARY = "libc++";
				CLANG_ENABLE_MODULES = YES;
				CLANG_ENABLE_OBJC_ARC = YES;
				CLANG_ENABLE_OBJC_WEAK = YES;
				CLANG_WARN_BLOCK_CAPTURE_AUTORELEASING = YES;
				CLANG_WARN_BOOL_CONVERSION = YES;
				CLANG_WARN_COMMA = YES;
				CLANG_WARN_CONSTANT_CONVERSION = YES;
				CLANG_WARN_DEPRECATED_OBJC_IMPLEMENTATIONS = YES;
				CLANG_WARN_DIRECT_OBJC_ISA_USAGE = YES_ERROR;
				CLANG_WARN_DOCUMENTATION_COMMENTS = YES;
				CLANG_WARN_EMPTY_BODY = YES;
				CLANG_WARN_ENUM_CONVERSION = YES;
				CLANG_WARN_INFINITE_RECURSION = YES;
				CLANG_WARN_INT_CONVERSION = YES;
				CLANG_WARN_NON_LITERAL_NULL_CONVERSION = YES;
				CLANG_WARN_OBJC_IMPLICIT_RETAIN_SELF = YES;
				CLANG_WARN_OBJC_LITERAL_CONVERSION = YES;
				CLANG_WARN_OBJC_ROOT_CLASS = YES_ERROR;
				CLANG_WARN_RANGE_LOOP_ANALYSIS = YES;
				CLANG_WARN_STRICT_PROTOTYPES = YES;
				CLANG_WARN_SUSPICIOUS_MOVE = YES;
				CLANG_WARN_UNGUARDED_AVAILABILITY = YES_AGGRESSIVE;
				CLANG_WARN_UNREACHABLE_CODE = YES;
				CLANG_WARN__DUPLICATE_METHOD_MATCH = YES;
				COPY_PHASE_STRIP = NO;
				DEBUG_INFORMATION_FORMAT = "dwarf-with-dsym";
				ENABLE_NS_ASSERTIONS = NO;
				ENABLE_STRICT_OBJC_MSGSEND = YES;
				GCC_C_LANGUAGE_STANDARD = gnu11;
				GCC_NO_COMMON_BLOCKS = YES;
				GCC_WARN_64_TO_32_BIT_CONVERSION = YES;
				GCC_WARN_ABOUT_RETURN_TYPE = YES_ERROR;
				GCC_WARN_UNDECLARED_SELECTOR = YES;
				GCC_WARN_UNINITIALIZED_AUTOS = YES_AGGRESSIVE;
				GCC_WARN_UNUSED_FUNCTION = YES;
				GCC_WARN_UNUSED_VARIABLE = YES;
				IPHONEOS_DEPLOYMENT_TARGET = 13.4;
				MTL_ENABLE_DEBUG_INFO = NO;
				MTL_FAST_MATH = YES;
				SDKROOT = iphoneos;
				VALIDATE_PRODUCT = YES;
			};
			name = Release;
		};
		FD03C776248B49E50037266D /* Debug */ = {
			isa = XCBuildConfiguration;
			buildSettings = {
				ASSETCATALOG_COMPILER_APPICON_NAME = AppIcon;
				CODE_SIGN_STYLE = Automatic;
				INFOPLIST_FILE = LearnLaunchSpeed/Info.plist;
				LD_RUNPATH_SEARCH_PATHS = (
					"$(inherited)",
					"@executable_path/Frameworks",
				);
				PRODUCT_BUNDLE_IDENTIFIER = com.loying.lin.LearnLaunchSpeed;
				PRODUCT_NAME = "$(TARGET_NAME)";
				TARGETED_DEVICE_FAMILY = "1,2";
			};
			name = Debug;
		};
		FD03C777248B49E50037266D /* Release */ = {
			isa = XCBuildConfiguration;
			buildSettings = {
				ASSETCATALOG_COMPILER_APPICON_NAME = AppIcon;
				CODE_SIGN_STYLE = Automatic;
				INFOPLIST_FILE = LearnLaunchSpeed/Info.plist;
				LD_RUNPATH_SEARCH_PATHS = (
					"$(inherited)",
					"@executable_path/Frameworks",
				);
				PRODUCT_BUNDLE_IDENTIFIER = com.loying.lin.LearnLaunchSpeed;
				PRODUCT_NAME = "$(TARGET_NAME)";
				TARGETED_DEVICE_FAMILY = "1,2";
			};
			name = Release;
		};
/* End XCBuildConfiguration section */

/* Begin XCConfigurationList section */
		FD03C754248B49E20037266D /* Build configuration list for PBXProject "LearnLaunchSpeed" */ = {
			isa = XCConfigurationList;
			buildConfigurations = (
				FD03C773248B49E50037266D /* Debug */,
				FD03C774248B49E50037266D /* Release */,
			);
			defaultConfigurationIsVisible = 0;
			defaultConfigurationName = Release;
		};
		FD03C775248B49E50037266D /* Build configuration list for PBXNativeTarget "LearnLaunchSpeed" */ = {
			isa = XCConfigurationList;
			buildConfigurations = (
				FD03C776248B49E50037266D /* Debug */,
				FD03C777248B49E50037266D /* Release */,
			);
			defaultConfigurationIsVisible = 0;
			defaultConfigurationName = Release;
		};
/* End XCConfigurationList section */
	};
	rootObject = FD03C751248B49E20037266D /* Project object */;
}
