// !$*UTF8*$!
{
	archiveVersion = 1;
	classes = {
	};
	objectVersion = 50;
	objects = {

/* Begin PBXBuildFile section */
		FD03C786248B4A940037266D /* AppDelegate.m in Sources */ = {isa = PBXBuildFile; fileRef = FD03C785248B4A940037266D /* AppDelegate.m */; };
		FD03C78C248B4A940037266D /* FirstViewController.m in Sources */ = {isa = PBXBuildFile; fileRef = FD03C78B248B4A940037266D /* FirstViewController.m */; };
		FD03C78F248B4A940037266D /* SecondViewController.m in Sources */ = {isa = PBXBuildFile; fileRef = FD03C78E248B4A940037266D /* SecondViewController.m */; };
		FD03C792248B4A940037266D /* Main.storyboard in Resources */ = {isa = PBXBuildFile; fileRef = FD03C790248B4A940037266D /* Main.storyboard */; };
		FD03C794248B4A960037266D /* Assets.xcassets in Resources */ = {isa = PBXBuildFile; fileRef = FD03C793248B4A960037266D /* Assets.xcassets */; };
		FD03C797248B4A960037266D /* LaunchScreen.storyboard in Resources */ = {isa = PBXBuildFile; fileRef = FD03C795248B4A960037266D /* LaunchScreen.storyboard */; };
		FD03C79A248B4A960037266D /* main.m in Sources */ = {isa = PBXBuildFile; fileRef = FD03C799248B4A960037266D /* main.m */; };
/* End PBXBuildFile section */

/* Begin PBXFileReference section */
		FD03C781248B4A940037266D /* LearnLaunchSpeed.app */ = {isa = PBXFileReference; explicitFileType = wrapper.application; includeInIndex = 0; path = LearnLaunchSpeed.app; sourceTree = BUILT_PRODUCTS_DIR; };
		FD03C784248B4A940037266D /* AppDelegate.h */ = {isa = PBXFileReference; lastKnownFileType = sourcecode.c.h; path = AppDelegate.h; sourceTree = "<group>"; };
		FD03C785248B4A940037266D /* AppDelegate.m */ = {isa = PBXFileReference; lastKnownFileType = sourcecode.c.objc; path = AppDelegate.m; sourceTree = "<group>"; };
		FD03C78A248B4A940037266D /* FirstViewController.h */ = {isa = PBXFileReference; lastKnownFileType = sourcecode.c.h; path = FirstViewController.h; sourceTree = "<group>"; };
		FD03C78B248B4A940037266D /* FirstViewController.m */ = {isa = PBXFileReference; lastKnownFileType = sourcecode.c.objc; path = FirstViewController.m; sourceTree = "<group>"; };
		FD03C78D248B4A940037266D /* SecondViewController.h */ = {isa = PBXFileReference; lastKnownFileType = sourcecode.c.h; path = SecondViewController.h; sourceTree = "<group>"; };
		FD03C78E248B4A940037266D /* SecondViewController.m */ = {isa = PBXFileReference; lastKnownFileType = sourcecode.c.objc; path = SecondViewController.m; sourceTree = "<group>"; };
		FD03C791248B4A940037266D /* Base */ = {isa = PBXFileReference; lastKnownFileType = file.storyboard; name = Base; path = Base.lproj/Main.storyboard; sourceTree = "<group>"; };
		FD03C793248B4A960037266D /* Assets.xcassets */ = {isa = PBXFileReference; lastKnownFileType = folder.assetcatalog; path = Assets.xcassets; sourceTree = "<group>"; };
		FD03C796248B4A960037266D /* Base */ = {isa = PBXFileReference; lastKnownFileType = file.storyboard; name = Base; path = Base.lproj/LaunchScreen.storyboard; sourceTree = "<group>"; };
		FD03C798248B4A960037266D /* Info.plist */ = {isa = PBXFileReference; lastKnownFileType = text.plist.xml; path = Info.plist; sourceTree = "<group>"; };
		FD03C799248B4A960037266D /* main.m */ = {isa = PBXFileReference; lastKnownFileType = sourcecode.c.objc; path = main.m; sourceTree = "<group>"; };
/* End PBXFileReference section */

/* Begin PBXFrameworksBuildPhase section */
		FD03C77E248B4A940037266D /* Frameworks */ = {
			isa = PBXFrameworksBuildPhase;
			buildActionMask = 2147483647;
			files = (
			);
			runOnlyForDeploymentPostprocessing = 0;
		};
/* End PBXFrameworksBuildPhase section */

/* Begin PBXGroup section */
		FD03C778248B4A940037266D = {
			isa = PBXGroup;
			children = (
				FD03C783248B4A940037266D /* LearnLaunchSpeed */,
				FD03C782248B4A940037266D /* Products */,
			);
			sourceTree = "<group>";
		};
		FD03C782248B4A940037266D /* Products */ = {
			isa = PBXGroup;
			children = (
				FD03C781248B4A940037266D /* LearnLaunchSpeed.app */,
			);
			name = Products;
			sourceTree = "<group>";
		};
		FD03C783248B4A940037266D /* LearnLaunchSpeed */ = {
			isa = PBXGroup;
			children = (
				FD03C784248B4A940037266D /* AppDelegate.h */,
				FD03C785248B4A940037266D /* AppDelegate.m */,
				FD03C78A248B4A940037266D /* FirstViewController.h */,
				FD03C78B248B4A940037266D /* FirstViewController.m */,
				FD03C78D248B4A940037266D /* SecondViewController.h */,
				FD03C78E248B4A940037266D /* SecondViewController.m */,
				FD03C790248B4A940037266D /* Main.storyboard */,
				FD03C793248B4A960037266D /* Assets.xcassets */,
				FD03C795248B4A960037266D /* LaunchScreen.storyboard */,
				FD03C798248B4A960037266D /* Info.plist */,
				FD03C799248B4A960037266D /* main.m */,
			);
			path = LearnLaunchSpeed;
			sourceTree = "<group>";
		};
/* End PBXGroup section */

/* Begin PBXNativeTarget section */
		FD03C780248B4A940037266D /* LearnLaunchSpeed */ = {
			isa = PBXNativeTarget;
			buildConfigurationList = FD03C79D248B4A960037266D /* Build configuration list for PBXNativeTarget "LearnLaunchSpeed" */;
			buildPhases = (
				FD03C77D248B4A940037266D /* Sources */,
				FD03C77E248B4A940037266D /* Frameworks */,
				FD03C77F248B4A940037266D /* Resources */,
			);
			buildRules = (
			);
			dependencies = (
			);
			name = LearnLaunchSpeed;
			productName = LearnLaunchSpeed;
			productReference = FD03C781248B4A940037266D /* LearnLaunchSpeed.app */;
			productType = "com.apple.product-type.application";
		};
/* End PBXNativeTarget section */

/* Begin PBXProject section */
		FD03C779248B4A940037266D /* Project object */ = {
			isa = PBXProject;
			attributes = {
				LastUpgradeCheck = 1140;
				ORGANIZATIONNAME = Loying;
				TargetAttributes = {
					FD03C780248B4A940037266D = {
						CreatedOnToolsVersion = 11.4.1;
					};
				};
			};
			buildConfigurationList = FD03C77C248B4A940037266D /* Build configuration list for PBXProject "LearnLaunchSpeed" */;
			compatibilityVersion = "Xcode 9.3";
			developmentRegion = en;
			hasScannedForEncodings = 0;
			knownRegions = (
				en,
				Base,
			);
			mainGroup = FD03C778248B4A940037266D;
			productRefGroup = FD03C782248B4A940037266D /* Products */;
			projectDirPath = "";
			projectRoot = "";
			targets = (
				FD03C780248B4A940037266D /* LearnLaunchSpeed */,
			);
		};
/* End PBXProject section */

/* Begin PBXResourcesBuildPhase section */
		FD03C77F248B4A940037266D /* Resources */ = {
			isa = PBXResourcesBuildPhase;
			buildActionMask = 2147483647;
			files = (
				FD03C797248B4A960037266D /* LaunchScreen.storyboard in Resources */,
				FD03C794248B4A960037266D /* Assets.xcassets in Resources */,
				FD03C792248B4A940037266D /* Main.storyboard in Resources */,
			);
			runOnlyForDeploymentPostprocessing = 0;
		};
/* End PBXResourcesBuildPhase section */

/* Begin PBXSourcesBuildPhase section */
		FD03C77D248B4A940037266D /* Sources */ = {
			isa = PBXSourcesBuildPhase;
			buildActionMask = 2147483647;
			files = (
				FD03C79A248B4A960037266D /* main.m in Sources */,
				FD03C78F248B4A940037266D /* SecondViewController.m in Sources */,
				FD03C786248B4A940037266D /* AppDelegate.m in Sources */,
				FD03C78C248B4A940037266D /* FirstViewController.m in Sources */,
			);
			runOnlyForDeploymentPostprocessing = 0;
		};
/* End PBXSourcesBuildPhase section */

/* Begin PBXVariantGroup section */
		FD03C790248B4A940037266D /* Main.storyboard */ = {
			isa = PBXVariantGroup;
			children = (
				FD03C791248B4A940037266D /* Base */,
			);
			name = Main.storyboard;
			sourceTree = "<group>";
		};
		FD03C795248B4A960037266D /* LaunchScreen.storyboard */ = {
			isa = PBXVariantGroup;
			children = (
				FD03C796248B4A960037266D /* Base */,
			);
			name = LaunchScreen.storyboard;
			sourceTree = "<group>";
		};
/* End PBXVariantGroup section */

/* Begin XCBuildConfiguration section */
		FD03C79B248B4A960037266D /* Debug */ = {
			isa = XCBuildConfiguration;
			buildSettings = {
				ALWAYS_SEARCH_USER_PATHS = NO;
				CLANG_ANALYZER_NONNULL = YES;
				CLANG_ANALYZER_NUMBER_OBJECT_CONVERSION = YES_AGGRESSIVE;
				CLANG_CXX_LANGUAGE_STANDARD = "gnu++14";
				CLANG_CXX_LIBRARY = "libc++";
				CLANG_ENABLE_MODULES = YES;
				CLANG_ENABLE_OBJC_ARC = YES;
				CLANG_ENABLE_OBJC_WEAK = YES;
				CLANG_WARN_BLOCK_CAPTURE_AUTORELEASING = YES;
				CLANG_WARN_BOOL_CONVERSION = YES;
				CLANG_WARN_COMMA = YES;
				CLANG_WARN_CONSTANT_CONVERSION = YES;
				CLANG_WARN_DEPRECATED_OBJC_IMPLEMENTATIONS = YES;
				CLANG_WARN_DIRECT_OBJC_ISA_USAGE = YES_ERROR;
				CLANG_WARN_DOCUMENTATION_COMMENTS = YES;
				CLANG_WARN_EMPTY_BODY = YES;
				CLANG_WARN_ENUM_CONVERSION = YES;
				CLANG_WARN_INFINITE_RECURSION = YES;
				CLANG_WARN_INT_CONVERSION = YES;
				CLANG_WARN_NON_LITERAL_NULL_CONVERSION = YES;
				CLANG_WARN_OBJC_IMPLICIT_RETAIN_SELF = YES;
				CLANG_WARN_OBJC_LITERAL_CONVERSION = YES;
				CLANG_WARN_OBJC_ROOT_CLASS = YES_ERROR;
				CLANG_WARN_RANGE_LOOP_ANALYSIS = YES;
				CLANG_WARN_STRICT_PROTOTYPES = YES;
				CLANG_WARN_SUSPICIOUS_MOVE = YES;
				CLANG_WARN_UNGUARDED_AVAILABILITY = YES_AGGRESSIVE;
				CLANG_WARN_UNREACHABLE_CODE = YES;
				CLANG_WARN__DUPLICATE_METHOD_MATCH = YES;
				COPY_PHASE_STRIP = NO;
				DEBUG_INFORMATION_FORMAT = dwarf;
				ENABLE_STRICT_OBJC_MSGSEND = YES;
				ENABLE_TESTABILITY = YES;
				GCC_C_LANGUAGE_STANDARD = gnu11;
				GCC_DYNAMIC_NO_PIC = NO;
				GCC_NO_COMMON_BLOCKS = YES;
				GCC_OPTIMIZATION_LEVEL = 0;
				GCC_PREPROCESSOR_DEFINITIONS = (
					"DEBUG=1",
					"$(inherited)",
				);
				GCC_WARN_64_TO_32_BIT_CONVERSION = YES;
				GCC_WARN_ABOUT_RETURN_TYPE = YES_ERROR;
				GCC_WARN_UNDECLARED_SELECTOR = YES;
				GCC_WARN_UNINITIALIZED_AUTOS = YES_AGGRESSIVE;
				GCC_WARN_UNUSED_FUNCTION = YES;
				GCC_WARN_UNUSED_VARIABLE = YES;
				IPHONEOS_DEPLOYMENT_TARGET = 13.4;
				MTL_ENABLE_DEBUG_INFO = INCLUDE_SOURCE;
				MTL_FAST_MATH = YES;
				ONLY_ACTIVE_ARCH = YES;
				SDKROOT = iphoneos;
			};
			name = Debug;
		};
		FD03C79C248B4A960037266D /* Release */ = {
			isa = XCBuildConfiguration;
			buildSettings = {
				ALWAYS_SEARCH_USER_PATHS = NO;
				CLANG_ANALYZER_NONNULL = YES;
				CLANG_ANALYZER_NUMBER_OBJECT_CONVERSION = YES_AGGRESSIVE;
				CLANG_CXX_LANGUAGE_STANDARD = "gnu++14";
				CLANG_CXX_LIBRARY = "libc++";
				CLANG_ENABLE_MODULES = YES;
				CLANG_ENABLE_OBJC_ARC = YES;
				CLANG_ENABLE_OBJC_WEAK = YES;
				CLANG_WARN_BLOCK_CAPTURE_AUTORELEASING = YES;
				CLANG_WARN_BOOL_CONVERSION = YES;
				CLANG_WARN_COMMA = YES;
				CLANG_WARN_CONSTANT_CONVERSION = YES;
				CLANG_WARN_DEPRECATED_OBJC_IMPLEMENTATIONS = YES;
				CLANG_WARN_DIRECT_OBJC_ISA_USAGE = YES_ERROR;
				CLANG_WARN_DOCUMENTATION_COMMENTS = YES;
				CLANG_WARN_EMPTY_BODY = YES;
				CLANG_WARN_ENUM_CONVERSION = YES;
				CLANG_WARN_INFINITE_RECURSION = YES;
				CLANG_WARN_INT_CONVERSION = YES;
				CLANG_WARN_NON_LITERAL_NULL_CONVERSION = YES;
				CLANG_WARN_OBJC_IMPLICIT_RETAIN_SELF = YES;
				CLANG_WARN_OBJC_LITERAL_CONVERSION = YES;
				CLANG_WARN_OBJC_ROOT_CLASS = YES_ERROR;
				CLANG_WARN_RANGE_LOOP_ANALYSIS = YES;
				CLANG_WARN_STRICT_PROTOTYPES = YES;
				CLANG_WARN_SUSPICIOUS_MOVE = YES;
				CLANG_WARN_UNGUARDED_AVAILABILITY = YES_AGGRESSIVE;
				CLANG_WARN_UNREACHABLE_CODE = YES;
				CLANG_WARN__DUPLICATE_METHOD_MATCH = YES;
				COPY_PHASE_STRIP = NO;
				DEBUG_INFORMATION_FORMAT = "dwarf-with-dsym";
				ENABLE_NS_ASSERTIONS = NO;
				ENABLE_STRICT_OBJC_MSGSEND = YES;
				GCC_C_LANGUAGE_STANDARD = gnu11;
				GCC_NO_COMMON_BLOCKS = YES;
				GCC_WARN_64_TO_32_BIT_CONVERSION = YES;
				GCC_WARN_ABOUT_RETURN_TYPE = YES_ERROR;
				GCC_WARN_UNDECLARED_SELECTOR = YES;
				GCC_WARN_UNINITIALIZED_AUTOS = YES_AGGRESSIVE;
				GCC_WARN_UNUSED_FUNCTION = YES;
				GCC_WARN_UNUSED_VARIABLE = YES;
				IPHONEOS_DEPLOYMENT_TARGET = 13.4;
				MTL_ENABLE_DEBUG_INFO = NO;
				MTL_FAST_MATH = YES;
				SDKROOT = iphoneos;
				VALIDATE_PRODUCT = YES;
			};
			name = Release;
		};
		FD03C79E248B4A960037266D /* Debug */ = {
			isa = XCBuildConfiguration;
			buildSettings = {
				ASSETCATALOG_COMPILER_APPICON_NAME = AppIcon;
				CODE_SIGN_STYLE = Automatic;
				DEBUG_INFORMATION_FORMAT = "dwarf-with-dsym";
				DEVELOPMENT_TEAM = R9BHDB8GA5;
				INFOPLIST_FILE = LearnLaunchSpeed/Info.plist;
				IPHONEOS_DEPLOYMENT_TARGET = 12.0;
				LD_RUNPATH_SEARCH_PATHS = (
					"$(inherited)",
					"@executable_path/Frameworks",
				);
				PRODUCT_BUNDLE_IDENTIFIER = com.loying.lin.LearnLaunchSpeed;
				PRODUCT_NAME = "$(TARGET_NAME)";
				TARGETED_DEVICE_FAMILY = 1;
			};
			name = Debug;
		};
		FD03C79F248B4A960037266D /* Release */ = {
			isa = XCBuildConfiguration;
			buildSettings = {
				ASSETCATALOG_COMPILER_APPICON_NAME = AppIcon;
				CODE_SIGN_STYLE = Automatic;
				DEVELOPMENT_TEAM = R9BHDB8GA5;
				INFOPLIST_FILE = LearnLaunchSpeed/Info.plist;
				IPHONEOS_DEPLOYMENT_TARGET = 12.0;
				LD_RUNPATH_SEARCH_PATHS = (
					"$(inherited)",
					"@executable_path/Frameworks",
				);
				PRODUCT_BUNDLE_IDENTIFIER = com.loying.lin.LearnLaunchSpeed;
				PRODUCT_NAME = "$(TARGET_NAME)";
				TARGETED_DEVICE_FAMILY = 1;
			};
			name = Release;
		};
/* End XCBuildConfiguration section */

/* Begin XCConfigurationList section */
		FD03C77C248B4A940037266D /* Build configuration list for PBXProject "LearnLaunchSpeed" */ = {
			isa = XCConfigurationList;
			buildConfigurations = (
				FD03C79B248B4A960037266D /* Debug */,
				FD03C79C248B4A960037266D /* Release */,
			);
			defaultConfigurationIsVisible = 0;
			defaultConfigurationName = Release;
		};
		FD03C79D248B4A960037266D /* Build configuration list for PBXNativeTarget "LearnLaunchSpeed" */ = {
			isa = XCConfigurationList;
			buildConfigurations = (
				FD03C79E248B4A960037266D /* Debug */,
				FD03C79F248B4A960037266D /* Release */,
			);
			defaultConfigurationIsVisible = 0;
			defaultConfigurationName = Release;
		};
/* End XCConfigurationList section */
	};
	rootObject = FD03C779248B4A940037266D /* Project object */;
}
